
Microsoft Visual Studio Solution File, Format Version 12.00
# Visual Studio 2012
Project("{FAE04EC0-301F-11D3-BF4B-00C04F79EFBC}") = "CodesysNetVars", "CodesysNetVars.csproj", "{7029C1A7-0216-4C79-B577-FF298F14DE65}"
EndProject
Global
	GlobalSection(SolutionConfigurationPlatforms) = preSolution
		Debug|Any CPU = Debug|Any CPU
		Release|Any CPU = Release|Any CPU
	EndGlobalSection
	GlobalSection(ProjectConfigurationPlatforms) = postSolution
		{7029C1A7-0216-4C79-B577-FF298F14DE65}.Debug|Any CPU.ActiveCfg = Debug|Any CPU
		{7029C1A7-0216-4C79-B577-FF298F14DE65}.Debug|Any CPU.Build.0 = Debug|Any CPU
		{7029C1A7-0216-4C79-B577-FF298F14DE65}.Release|Any CPU.ActiveCfg = Release|Any CPU
		{7029C1A7-0216-4C79-B577-FF298F14DE65}.Release|Any CPU.Build.0 = Release|Any CPU
	EndGlobalSection
	GlobalSection(SolutionProperties) = preSolution
		HideSolutionNode = FALSE
	EndGlobalSection
EndGlobal
